// !$*UTF8*$!
{
	archiveVersion = 1;
	classes = {
	};
	objectVersion = 46;
	objects = {

/* Begin PBXBuildFile section */
		0A7CA4001CB3EA4500726CBB /* AppDelegate.swift in Sources */ = {isa = PBXBuildFile; fileRef = 0A7CA3FF1CB3EA4500726CBB /* AppDelegate.swift */; };
		0A7CA4021CB3EA4500726CBB /* ViewController.swift in Sources */ = {isa = PBXBuildFile; fileRef = 0A7CA4011CB3EA4500726CBB /* ViewController.swift */; };
		0A7CA4051CB3EA4500726CBB /* Main.storyboard in Resources */ = {isa = PBXBuildFile; fileRef = 0A7CA4031CB3EA4500726CBB /* Main.storyboard */; };
		0A7CA4081CB3EA4500726CBB /* chemisTRY_v3.xcdatamodeld in Sources */ = {isa = PBXBuildFile; fileRef = 0A7CA4061CB3EA4500726CBB /* chemisTRY_v3.xcdatamodeld */; };
		0A7CA40A1CB3EA4500726CBB /* Assets.xcassets in Resources */ = {isa = PBXBuildFile; fileRef = 0A7CA4091CB3EA4500726CBB /* Assets.xcassets */; };
		0A7CA40D1CB3EA4500726CBB /* LaunchScreen.storyboard in Resources */ = {isa = PBXBuildFile; fileRef = 0A7CA40B1CB3EA4500726CBB /* LaunchScreen.storyboard */; };
		0A7CA4321CB3EB1400726CBB /* 1.tiff in Resources */ = {isa = PBXBuildFile; fileRef = 0A7CA4151CB3EB1400726CBB /* 1.tiff */; };
		0A7CA4331CB3EB1400726CBB /* 2.tiff in Resources */ = {isa = PBXBuildFile; fileRef = 0A7CA4161CB3EB1400726CBB /* 2.tiff */; };
		0A7CA4341CB3EB1400726CBB /* 25.tiff in Resources */ = {isa = PBXBuildFile; fileRef = 0A7CA4171CB3EB1400726CBB /* 25.tiff */; };
		0A7CA4351CB3EB1400726CBB /* 26.tiff in Resources */ = {isa = PBXBuildFile; fileRef = 0A7CA4181CB3EB1400726CBB /* 26.tiff */; };
		0A7CA4361CB3EB1400726CBB /* 27.tiff in Resources */ = {isa = PBXBuildFile; fileRef = 0A7CA4191CB3EB1400726CBB /* 27.tiff */; };
		0A7CA4371CB3EB1400726CBB /* 28.tiff in Resources */ = {isa = PBXBuildFile; fileRef = 0A7CA41A1CB3EB1400726CBB /* 28.tiff */; };
		0A7CA4381CB3EB1400726CBB /* 29.tiff in Resources */ = {isa = PBXBuildFile; fileRef = 0A7CA41B1CB3EB1400726CBB /* 29.tiff */; };
		0A7CA4391CB3EB1400726CBB /* 30.tiff in Resources */ = {isa = PBXBuildFile; fileRef = 0A7CA41C1CB3EB1400726CBB /* 30.tiff */; };
		0A7CA43A1CB3EB1400726CBB /* 31.tiff in Resources */ = {isa = PBXBuildFile; fileRef = 0A7CA41D1CB3EB1400726CBB /* 31.tiff */; };
		0A7CA43B1CB3EB1400726CBB /* 32.tiff in Resources */ = {isa = PBXBuildFile; fileRef = 0A7CA41E1CB3EB1400726CBB /* 32.tiff */; };
		0A7CA43C1CB3EB1400726CBB /* 33.tiff in Resources */ = {isa = PBXBuildFile; fileRef = 0A7CA41F1CB3EB1400726CBB /* 33.tiff */; };
		0A7CA43D1CB3EB1400726CBB /* 34.tiff in Resources */ = {isa = PBXBuildFile; fileRef = 0A7CA4201CB3EB1400726CBB /* 34.tiff */; };
		0A7CA43E1CB3EB1400726CBB /* 35.tiff in Resources */ = {isa = PBXBuildFile; fileRef = 0A7CA4211CB3EB1400726CBB /* 35.tiff */; };
		0A7CA43F1CB3EB1400726CBB /* 36.tiff in Resources */ = {isa = PBXBuildFile; fileRef = 0A7CA4221CB3EB1400726CBB /* 36.tiff */; };
		0A7CA4401CB3EB1400726CBB /* 37.tiff in Resources */ = {isa = PBXBuildFile; fileRef = 0A7CA4231CB3EB1400726CBB /* 37.tiff */; };
		0A7CA4411CB3EB1400726CBB /* 38.tiff in Resources */ = {isa = PBXBuildFile; fileRef = 0A7CA4241CB3EB1400726CBB /* 38.tiff */; };
		0A7CA4421CB3EB1400726CBB /* 39.tiff in Resources */ = {isa = PBXBuildFile; fileRef = 0A7CA4251CB3EB1400726CBB /* 39.tiff */; };
		0A7CA4431CB3EB1400726CBB /* 40.tiff in Resources */ = {isa = PBXBuildFile; fileRef = 0A7CA4261CB3EB1400726CBB /* 40.tiff */; };
		0A7CA4441CB3EB1400726CBB /* 41.tiff in Resources */ = {isa = PBXBuildFile; fileRef = 0A7CA4271CB3EB1400726CBB /* 41.tiff */; };
		0A7CA4451CB3EB1400726CBB /* 42.tiff in Resources */ = {isa = PBXBuildFile; fileRef = 0A7CA4281CB3EB1400726CBB /* 42.tiff */; };
		0A7CA4461CB3EB1400726CBB /* 43.tiff in Resources */ = {isa = PBXBuildFile; fileRef = 0A7CA4291CB3EB1400726CBB /* 43.tiff */; };
		0A7CA4471CB3EB1400726CBB /* 44.tiff in Resources */ = {isa = PBXBuildFile; fileRef = 0A7CA42A1CB3EB1400726CBB /* 44.tiff */; };
		0A7CA4481CB3EB1400726CBB /* 45.tiff in Resources */ = {isa = PBXBuildFile; fileRef = 0A7CA42B1CB3EB1400726CBB /* 45.tiff */; };
		0A7CA4491CB3EB1400726CBB /* 46.tiff in Resources */ = {isa = PBXBuildFile; fileRef = 0A7CA42C1CB3EB1400726CBB /* 46.tiff */; };
		0A7CA44A1CB3EB1400726CBB /* 47.tiff in Resources */ = {isa = PBXBuildFile; fileRef = 0A7CA42D1CB3EB1400726CBB /* 47.tiff */; };
		0A7CA44B1CB3EB1400726CBB /* 48.tiff in Resources */ = {isa = PBXBuildFile; fileRef = 0A7CA42E1CB3EB1400726CBB /* 48.tiff */; };
		0A7CA44C1CB3EB1400726CBB /* a1.gif in Resources */ = {isa = PBXBuildFile; fileRef = 0A7CA42F1CB3EB1400726CBB /* a1.gif */; };
		0A7CA44D1CB3EB1400726CBB /* h20.png in Resources */ = {isa = PBXBuildFile; fileRef = 0A7CA4301CB3EB1400726CBB /* h20.png */; };
		0A7CA44E1CB3EB1400726CBB /* salt.jpeg in Resources */ = {isa = PBXBuildFile; fileRef = 0A7CA4311CB3EB1400726CBB /* salt.jpeg */; };
		0A7CA4501CB3FC0400726CBB /* bonus.png in Resources */ = {isa = PBXBuildFile; fileRef = 0A7CA44F1CB3FC0400726CBB /* bonus.png */; };
		0A7CA4521CB3FC2D00726CBB /* perfo.png in Resources */ = {isa = PBXBuildFile; fileRef = 0A7CA4511CB3FC2D00726CBB /* perfo.png */; };
/* End PBXBuildFile section */

/* Begin PBXFileReference section */
		0A7CA3FC1CB3EA4500726CBB /* chemisTRY_v3.app */ = {isa = PBXFileReference; explicitFileType = wrapper.application; includeInIndex = 0; path = chemisTRY_v3.app; sourceTree = BUILT_PRODUCTS_DIR; };
		0A7CA3FF1CB3EA4500726CBB /* AppDelegate.swift */ = {isa = PBXFileReference; lastKnownFileType = sourcecode.swift; path = AppDelegate.swift; sourceTree = "<group>"; };
		0A7CA4011CB3EA4500726CBB /* ViewController.swift */ = {isa = PBXFileReference; lastKnownFileType = sourcecode.swift; path = ViewController.swift; sourceTree = "<group>"; };
		0A7CA4041CB3EA4500726CBB /* Base */ = {isa = PBXFileReference; lastKnownFileType = file.storyboard; name = Base; path = Base.lproj/Main.storyboard; sourceTree = "<group>"; };
		0A7CA4071CB3EA4500726CBB /* chemisTRY_v3.xcdatamodel */ = {isa = PBXFileReference; lastKnownFileType = wrapper.xcdatamodel; path = chemisTRY_v3.xcdatamodel; sourceTree = "<group>"; };
		0A7CA4091CB3EA4500726CBB /* Assets.xcassets */ = {isa = PBXFileReference; lastKnownFileType = folder.assetcatalog; path = Assets.xcassets; sourceTree = "<group>"; };
		0A7CA40C1CB3EA4500726CBB /* Base */ = {isa = PBXFileReference; lastKnownFileType = file.storyboard; name = Base; path = Base.lproj/LaunchScreen.storyboard; sourceTree = "<group>"; };
		0A7CA40E1CB3EA4500726CBB /* Info.plist */ = {isa = PBXFileReference; lastKnownFileType = text.plist.xml; path = Info.plist; sourceTree = "<group>"; };
		0A7CA4151CB3EB1400726CBB /* 1.tiff */ = {isa = PBXFileReference; lastKnownFileType = image.tiff; path = 1.tiff; sourceTree = "<group>"; };
		0A7CA4161CB3EB1400726CBB /* 2.tiff */ = {isa = PBXFileReference; lastKnownFileType = image.tiff; path = 2.tiff; sourceTree = "<group>"; };
		0A7CA4171CB3EB1400726CBB /* 25.tiff */ = {isa = PBXFileReference; lastKnownFileType = image.tiff; path = 25.tiff; sourceTree = "<group>"; };
		0A7CA4181CB3EB1400726CBB /* 26.tiff */ = {isa = PBXFileReference; lastKnownFileType = image.tiff; path = 26.tiff; sourceTree = "<group>"; };
		0A7CA4191CB3EB1400726CBB /* 27.tiff */ = {isa = PBXFileReference; lastKnownFileType = image.tiff; path = 27.tiff; sourceTree = "<group>"; };
		0A7CA41A1CB3EB1400726CBB /* 28.tiff */ = {isa = PBXFileReference; lastKnownFileType = image.tiff; path = 28.tiff; sourceTree = "<group>"; };
		0A7CA41B1CB3EB1400726CBB /* 29.tiff */ = {isa = PBXFileReference; lastKnownFileType = image.tiff; path = 29.tiff; sourceTree = "<group>"; };
		0A7CA41C1CB3EB1400726CBB /* 30.tiff */ = {isa = PBXFileReference; lastKnownFileType = image.tiff; path = 30.tiff; sourceTree = "<group>"; };
		0A7CA41D1CB3EB1400726CBB /* 31.tiff */ = {isa = PBXFileReference; lastKnownFileType = image.tiff; path = 31.tiff; sourceTree = "<group>"; };
		0A7CA41E1CB3EB1400726CBB /* 32.tiff */ = {isa = PBXFileReference; lastKnownFileType = image.tiff; path = 32.tiff; sourceTree = "<group>"; };
		0A7CA41F1CB3EB1400726CBB /* 33.tiff */ = {isa = PBXFileReference; lastKnownFileType = image.tiff; path = 33.tiff; sourceTree = "<group>"; };
		0A7CA4201CB3EB1400726CBB /* 34.tiff */ = {isa = PBXFileReference; lastKnownFileType = image.tiff; path = 34.tiff; sourceTree = "<group>"; };
		0A7CA4211CB3EB1400726CBB /* 35.tiff */ = {isa = PBXFileReference; lastKnownFileType = image.tiff; path = 35.tiff; sourceTree = "<group>"; };
		0A7CA4221CB3EB1400726CBB /* 36.tiff */ = {isa = PBXFileReference; lastKnownFileType = image.tiff; path = 36.tiff; sourceTree = "<group>"; };
		0A7CA4231CB3EB1400726CBB /* 37.tiff */ = {isa = PBXFileReference; lastKnownFileType = image.tiff; path = 37.tiff; sourceTree = "<group>"; };
		0A7CA4241CB3EB1400726CBB /* 38.tiff */ = {isa = PBXFileReference; lastKnownFileType = image.tiff; path = 38.tiff; sourceTree = "<group>"; };
		0A7CA4251CB3EB1400726CBB /* 39.tiff */ = {isa = PBXFileReference; lastKnownFileType = image.tiff; path = 39.tiff; sourceTree = "<group>"; };
		0A7CA4261CB3EB1400726CBB /* 40.tiff */ = {isa = PBXFileReference; lastKnownFileType = image.tiff; path = 40.tiff; sourceTree = "<group>"; };
		0A7CA4271CB3EB1400726CBB /* 41.tiff */ = {isa = PBXFileReference; lastKnownFileType = image.tiff; path = 41.tiff; sourceTree = "<group>"; };
		0A7CA4281CB3EB1400726CBB /* 42.tiff */ = {isa = PBXFileReference; lastKnownFileType = image.tiff; path = 42.tiff; sourceTree = "<group>"; };
		0A7CA4291CB3EB1400726CBB /* 43.tiff */ = {isa = PBXFileReference; lastKnownFileType = image.tiff; path = 43.tiff; sourceTree = "<group>"; };
		0A7CA42A1CB3EB1400726CBB /* 44.tiff */ = {isa = PBXFileReference; lastKnownFileType = image.tiff; path = 44.tiff; sourceTree = "<group>"; };
		0A7CA42B1CB3EB1400726CBB /* 45.tiff */ = {isa = PBXFileReference; lastKnownFileType = image.tiff; path = 45.tiff; sourceTree = "<group>"; };
		0A7CA42C1CB3EB1400726CBB /* 46.tiff */ = {isa = PBXFileReference; lastKnownFileType = image.tiff; path = 46.tiff; sourceTree = "<group>"; };
		0A7CA42D1CB3EB1400726CBB /* 47.tiff */ = {isa = PBXFileReference; lastKnownFileType = image.tiff; path = 47.tiff; sourceTree = "<group>"; };
		0A7CA42E1CB3EB1400726CBB /* 48.tiff */ = {isa = PBXFileReference; lastKnownFileType = image.tiff; path = 48.tiff; sourceTree = "<group>"; };
		0A7CA42F1CB3EB1400726CBB /* a1.gif */ = {isa = PBXFileReference; lastKnownFileType = image.gif; path = a1.gif; sourceTree = "<group>"; };
		0A7CA4301CB3EB1400726CBB /* h20.png */ = {isa = PBXFileReference; lastKnownFileType = image.png; path = h20.png; sourceTree = "<group>"; };
		0A7CA4311CB3EB1400726CBB /* salt.jpeg */ = {isa = PBXFileReference; lastKnownFileType = image.jpeg; path = salt.jpeg; sourceTree = "<group>"; };
		0A7CA44F1CB3FC0400726CBB /* bonus.png */ = {isa = PBXFileReference; lastKnownFileType = image.png; path = bonus.png; sourceTree = "<group>"; };
		0A7CA4511CB3FC2D00726CBB /* perfo.png */ = {isa = PBXFileReference; lastKnownFileType = image.png; path = perfo.png; sourceTree = "<group>"; };
/* End PBXFileReference section */

/* Begin PBXFrameworksBuildPhase section */
		0A7CA3F91CB3EA4500726CBB /* Frameworks */ = {
			isa = PBXFrameworksBuildPhase;
			buildActionMask = 2147483647;
			files = (
			);
			runOnlyForDeploymentPostprocessing = 0;
		};
/* End PBXFrameworksBuildPhase section */

/* Begin PBXGroup section */
		0A7CA3F31CB3EA4500726CBB = {
			isa = PBXGroup;
			children = (
				0A7CA3FE1CB3EA4500726CBB /* chemisTRY_v3 */,
				0A7CA3FD1CB3EA4500726CBB /* Products */,
			);
			sourceTree = "<group>";
		};
		0A7CA3FD1CB3EA4500726CBB /* Products */ = {
			isa = PBXGroup;
			children = (
				0A7CA3FC1CB3EA4500726CBB /* chemisTRY_v3.app */,
			);
			name = Products;
			sourceTree = "<group>";
		};
		0A7CA3FE1CB3EA4500726CBB /* chemisTRY_v3 */ = {
			isa = PBXGroup;
			children = (
				0A7CA3FF1CB3EA4500726CBB /* AppDelegate.swift */,
				0A7CA4011CB3EA4500726CBB /* ViewController.swift */,
				0A7CA4031CB3EA4500726CBB /* Main.storyboard */,
				0A7CA4091CB3EA4500726CBB /* Assets.xcassets */,
				0A7CA4141CB3EAE700726CBB /* images */,
				0A7CA40B1CB3EA4500726CBB /* LaunchScreen.storyboard */,
				0A7CA40E1CB3EA4500726CBB /* Info.plist */,
				0A7CA4061CB3EA4500726CBB /* chemisTRY_v3.xcdatamodeld */,
			);
			path = chemisTRY_v3;
			sourceTree = "<group>";
		};
		0A7CA4141CB3EAE700726CBB /* images */ = {
			isa = PBXGroup;
			children = (
				0A7CA4511CB3FC2D00726CBB /* perfo.png */,
				0A7CA44F1CB3FC0400726CBB /* bonus.png */,
				0A7CA4151CB3EB1400726CBB /* 1.tiff */,
				0A7CA4161CB3EB1400726CBB /* 2.tiff */,
				0A7CA4171CB3EB1400726CBB /* 25.tiff */,
				0A7CA4181CB3EB1400726CBB /* 26.tiff */,
				0A7CA4191CB3EB1400726CBB /* 27.tiff */,
				0A7CA41A1CB3EB1400726CBB /* 28.tiff */,
				0A7CA41B1CB3EB1400726CBB /* 29.tiff */,
				0A7CA41C1CB3EB1400726CBB /* 30.tiff */,
				0A7CA41D1CB3EB1400726CBB /* 31.tiff */,
				0A7CA41E1CB3EB1400726CBB /* 32.tiff */,
				0A7CA41F1CB3EB1400726CBB /* 33.tiff */,
				0A7CA4201CB3EB1400726CBB /* 34.tiff */,
				0A7CA4211CB3EB1400726CBB /* 35.tiff */,
				0A7CA4221CB3EB1400726CBB /* 36.tiff */,
				0A7CA4231CB3EB1400726CBB /* 37.tiff */,
				0A7CA4241CB3EB1400726CBB /* 38.tiff */,
				0A7CA4251CB3EB1400726CBB /* 39.tiff */,
				0A7CA4261CB3EB1400726CBB /* 40.tiff */,
				0A7CA4271CB3EB1400726CBB /* 41.tiff */,
				0A7CA4281CB3EB1400726CBB /* 42.tiff */,
				0A7CA4291CB3EB1400726CBB /* 43.tiff */,
				0A7CA42A1CB3EB1400726CBB /* 44.tiff */,
				0A7CA42B1CB3EB1400726CBB /* 45.tiff */,
				0A7CA42C1CB3EB1400726CBB /* 46.tiff */,
				0A7CA42D1CB3EB1400726CBB /* 47.tiff */,
				0A7CA42E1CB3EB1400726CBB /* 48.tiff */,
				0A7CA42F1CB3EB1400726CBB /* a1.gif */,
				0A7CA4301CB3EB1400726CBB /* h20.png */,
				0A7CA4311CB3EB1400726CBB /* salt.jpeg */,
			);
			name = images;
			sourceTree = "<group>";
		};
/* End PBXGroup section */

/* Begin PBXNativeTarget section */
		0A7CA3FB1CB3EA4500726CBB /* chemisTRY_v3 */ = {
			isa = PBXNativeTarget;
			buildConfigurationList = 0A7CA4111CB3EA4500726CBB /* Build configuration list for PBXNativeTarget "chemisTRY_v3" */;
			buildPhases = (
				0A7CA3F81CB3EA4500726CBB /* Sources */,
				0A7CA3F91CB3EA4500726CBB /* Frameworks */,
				0A7CA3FA1CB3EA4500726CBB /* Resources */,
			);
			buildRules = (
			);
			dependencies = (
			);
			name = chemisTRY_v3;
			productName = chemisTRY_v3;
			productReference = 0A7CA3FC1CB3EA4500726CBB /* chemisTRY_v3.app */;
			productType = "com.apple.product-type.application";
		};
/* End PBXNativeTarget section */

/* Begin PBXProject section */
		0A7CA3F41CB3EA4500726CBB /* Project object */ = {
			isa = PBXProject;
			attributes = {
				LastSwiftUpdateCheck = 0720;
				LastUpgradeCheck = 0720;
				ORGANIZATIONNAME = "Kelvin Sookdeo";
				TargetAttributes = {
					0A7CA3FB1CB3EA4500726CBB = {
						CreatedOnToolsVersion = 7.2.1;
					};
				};
			};
			buildConfigurationList = 0A7CA3F71CB3EA4500726CBB /* Build configuration list for PBXProject "chemisTRY_v3" */;
			compatibilityVersion = "Xcode 3.2";
			developmentRegion = English;
			hasScannedForEncodings = 0;
			knownRegions = (
				en,
				Base,
			);
			mainGroup = 0A7CA3F31CB3EA4500726CBB;
			productRefGroup = 0A7CA3FD1CB3EA4500726CBB /* Products */;
			projectDirPath = "";
			projectRoot = "";
			targets = (
				0A7CA3FB1CB3EA4500726CBB /* chemisTRY_v3 */,
			);
		};
/* End PBXProject section */

/* Begin PBXResourcesBuildPhase section */
		0A7CA3FA1CB3EA4500726CBB /* Resources */ = {
			isa = PBXResourcesBuildPhase;
			buildActionMask = 2147483647;
			files = (
				0A7CA44C1CB3EB1400726CBB /* a1.gif in Resources */,
				0A7CA4491CB3EB1400726CBB /* 46.tiff in Resources */,
				0A7CA4431CB3EB1400726CBB /* 40.tiff in Resources */,
				0A7CA4331CB3EB1400726CBB /* 2.tiff in Resources */,
				0A7CA4381CB3EB1400726CBB /* 29.tiff in Resources */,
				0A7CA4421CB3EB1400726CBB /* 39.tiff in Resources */,
				0A7CA40D1CB3EA4500726CBB /* LaunchScreen.storyboard in Resources */,
				0A7CA4441CB3EB1400726CBB /* 41.tiff in Resources */,
				0A7CA4451CB3EB1400726CBB /* 42.tiff in Resources */,
				0A7CA40A1CB3EA4500726CBB /* Assets.xcassets in Resources */,
				0A7CA4341CB3EB1400726CBB /* 25.tiff in Resources */,
				0A7CA4321CB3EB1400726CBB /* 1.tiff in Resources */,
				0A7CA43E1CB3EB1400726CBB /* 35.tiff in Resources */,
				0A7CA43A1CB3EB1400726CBB /* 31.tiff in Resources */,
				0A7CA44B1CB3EB1400726CBB /* 48.tiff in Resources */,
				0A7CA43F1CB3EB1400726CBB /* 36.tiff in Resources */,
				0A7CA4051CB3EA4500726CBB /* Main.storyboard in Resources */,
				0A7CA44E1CB3EB1400726CBB /* salt.jpeg in Resources */,
				0A7CA4371CB3EB1400726CBB /* 28.tiff in Resources */,
				0A7CA4351CB3EB1400726CBB /* 26.tiff in Resources */,
				0A7CA4521CB3FC2D00726CBB /* perfo.png in Resources */,
				0A7CA4411CB3EB1400726CBB /* 38.tiff in Resources */,
				0A7CA4401CB3EB1400726CBB /* 37.tiff in Resources */,
				0A7CA43C1CB3EB1400726CBB /* 33.tiff in Resources */,
				0A7CA43B1CB3EB1400726CBB /* 32.tiff in Resources */,
				0A7CA44A1CB3EB1400726CBB /* 47.tiff in Resources */,
				0A7CA43D1CB3EB1400726CBB /* 34.tiff in Resources */,
				0A7CA4461CB3EB1400726CBB /* 43.tiff in Resources */,
				0A7CA4391CB3EB1400726CBB /* 30.tiff in Resources */,
				0A7CA4481CB3EB1400726CBB /* 45.tiff in Resources */,
				0A7CA4501CB3FC0400726CBB /* bonus.png in Resources */,
				0A7CA44D1CB3EB1400726CBB /* h20.png in Resources */,
				0A7CA4471CB3EB1400726CBB /* 44.tiff in Resources */,
				0A7CA4361CB3EB1400726CBB /* 27.tiff in Resources */,
			);
			runOnlyForDeploymentPostprocessing = 0;
		};
/* End PBXResourcesBuildPhase section */

/* Begin PBXSourcesBuildPhase section */
		0A7CA3F81CB3EA4500726CBB /* Sources */ = {
			isa = PBXSourcesBuildPhase;
			buildActionMask = 2147483647;
			files = (
				0A7CA4081CB3EA4500726CBB /* chemisTRY_v3.xcdatamodeld in Sources */,
				0A7CA4021CB3EA4500726CBB /* ViewController.swift in Sources */,
				0A7CA4001CB3EA4500726CBB /* AppDelegate.swift in Sources */,
			);
			runOnlyForDeploymentPostprocessing = 0;
		};
/* End PBXSourcesBuildPhase section */

/* Begin PBXVariantGroup section */
		0A7CA4031CB3EA4500726CBB /* Main.storyboard */ = {
			isa = PBXVariantGroup;
			children = (
				0A7CA4041CB3EA4500726CBB /* Base */,
			);
			name = Main.storyboard;
			sourceTree = "<group>";
		};
		0A7CA40B1CB3EA4500726CBB /* LaunchScreen.storyboard */ = {
			isa = PBXVariantGroup;
			children = (
				0A7CA40C1CB3EA4500726CBB /* Base */,
			);
			name = LaunchScreen.storyboard;
			sourceTree = "<group>";
		};
/* End PBXVariantGroup section */

/* Begin XCBuildConfiguration section */
		0A7CA40F1CB3EA4500726CBB /* Debug */ = {
			isa = XCBuildConfiguration;
			buildSettings = {
				ALWAYS_SEARCH_USER_PATHS = NO;
				CLANG_CXX_LANGUAGE_STANDARD = "gnu++0x";
				CLANG_CXX_LIBRARY = "libc++";
				CLANG_ENABLE_MODULES = YES;
				CLANG_ENABLE_OBJC_ARC = YES;
				CLANG_WARN_BOOL_CONVERSION = YES;
				CLANG_WARN_CONSTANT_CONVERSION = YES;
				CLANG_WARN_DIRECT_OBJC_ISA_USAGE = YES_ERROR;
				CLANG_WARN_EMPTY_BODY = YES;
				CLANG_WARN_ENUM_CONVERSION = YES;
				CLANG_WARN_INT_CONVERSION = YES;
				CLANG_WARN_OBJC_ROOT_CLASS = YES_ERROR;
				CLANG_WARN_UNREACHABLE_CODE = YES;
				CLANG_WARN__DUPLICATE_METHOD_MATCH = YES;
				"CODE_SIGN_IDENTITY[sdk=iphoneos*]" = "iPhone Developer";
				COPY_PHASE_STRIP = NO;
				DEBUG_INFORMATION_FORMAT = dwarf;
				ENABLE_STRICT_OBJC_MSGSEND = YES;
				ENABLE_TESTABILITY = YES;
				GCC_C_LANGUAGE_STANDARD = gnu99;
				GCC_DYNAMIC_NO_PIC = NO;
				GCC_NO_COMMON_BLOCKS = YES;
				GCC_OPTIMIZATION_LEVEL = 0;
				GCC_PREPROCESSOR_DEFINITIONS = (
					"DEBUG=1",
					"$(inherited)",
				);
				GCC_WARN_64_TO_32_BIT_CONVERSION = YES;
				GCC_WARN_ABOUT_RETURN_TYPE = YES_ERROR;
				GCC_WARN_UNDECLARED_SELECTOR = YES;
				GCC_WARN_UNINITIALIZED_AUTOS = YES_AGGRESSIVE;
				GCC_WARN_UNUSED_FUNCTION = YES;
				GCC_WARN_UNUSED_VARIABLE = YES;
				IPHONEOS_DEPLOYMENT_TARGET = 9.2;
				MTL_ENABLE_DEBUG_INFO = YES;
				ONLY_ACTIVE_ARCH = YES;
				SDKROOT = iphoneos;
				SWIFT_OPTIMIZATION_LEVEL = "-Onone";
				TARGETED_DEVICE_FAMILY = "1,2";
			};
			name = Debug;
		};
		0A7CA4101CB3EA4500726CBB /* Release */ = {
			isa = XCBuildConfiguration;
			buildSettings = {
				ALWAYS_SEARCH_USER_PATHS = NO;
				CLANG_CXX_LANGUAGE_STANDARD = "gnu++0x";
				CLANG_CXX_LIBRARY = "libc++";
				CLANG_ENABLE_MODULES = YES;
				CLANG_ENABLE_OBJC_ARC = YES;
				CLANG_WARN_BOOL_CONVERSION = YES;
				CLANG_WARN_CONSTANT_CONVERSION = YES;
				CLANG_WARN_DIRECT_OBJC_ISA_USAGE = YES_ERROR;
				CLANG_WARN_EMPTY_BODY = YES;
				CLANG_WARN_ENUM_CONVERSION = YES;
				CLANG_WARN_INT_CONVERSION = YES;
				CLANG_WARN_OBJC_ROOT_CLASS = YES_ERROR;
				CLANG_WARN_UNREACHABLE_CODE = YES;
				CLANG_WARN__DUPLICATE_METHOD_MATCH = YES;
				"CODE_SIGN_IDENTITY[sdk=iphoneos*]" = "iPhone Developer";
				COPY_PHASE_STRIP = NO;
				DEBUG_INFORMATION_FORMAT = "dwarf-with-dsym";
				ENABLE_NS_ASSERTIONS = NO;
				ENABLE_STRICT_OBJC_MSGSEND = YES;
				GCC_C_LANGUAGE_STANDARD = gnu99;
				GCC_NO_COMMON_BLOCKS = YES;
				GCC_WARN_64_TO_32_BIT_CONVERSION = YES;
				GCC_WARN_ABOUT_RETURN_TYPE = YES_ERROR;
				GCC_WARN_UNDECLARED_SELECTOR = YES;
				GCC_WARN_UNINITIALIZED_AUTOS = YES_AGGRESSIVE;
				GCC_WARN_UNUSED_FUNCTION = YES;
				GCC_WARN_UNUSED_VARIABLE = YES;
				IPHONEOS_DEPLOYMENT_TARGET = 9.2;
				MTL_ENABLE_DEBUG_INFO = NO;
				SDKROOT = iphoneos;
				TARGETED_DEVICE_FAMILY = "1,2";
				VALIDATE_PRODUCT = YES;
			};
			name = Release;
		};
		0A7CA4121CB3EA4500726CBB /* Debug */ = {
			isa = XCBuildConfiguration;
			buildSettings = {
				ASSETCATALOG_COMPILER_APPICON_NAME = AppIcon;
				INFOPLIST_FILE = chemisTRY_v3/Info.plist;
				LD_RUNPATH_SEARCH_PATHS = "$(inherited) @executable_path/Frameworks";
				PRODUCT_BUNDLE_IDENTIFIER = "w1360907.chemisTRY-v3";
				PRODUCT_NAME = "$(TARGET_NAME)";
			};
			name = Debug;
		};
		0A7CA4131CB3EA4500726CBB /* Release */ = {
			isa = XCBuildConfiguration;
			buildSettings = {
				ASSETCATALOG_COMPILER_APPICON_NAME = AppIcon;
				INFOPLIST_FILE = chemisTRY_v3/Info.plist;
				LD_RUNPATH_SEARCH_PATHS = "$(inherited) @executable_path/Frameworks";
				PRODUCT_BUNDLE_IDENTIFIER = "w1360907.chemisTRY-v3";
				PRODUCT_NAME = "$(TARGET_NAME)";
			};
			name = Release;
		};
/* End XCBuildConfiguration section */

/* Begin XCConfigurationList section */
		0A7CA3F71CB3EA4500726CBB /* Build configuration list for PBXProject "chemisTRY_v3" */ = {
			isa = XCConfigurationList;
			buildConfigurations = (
				0A7CA40F1CB3EA4500726CBB /* Debug */,
				0A7CA4101CB3EA4500726CBB /* Release */,
			);
			defaultConfigurationIsVisible = 0;
			defaultConfigurationName = Release;
		};
		0A7CA4111CB3EA4500726CBB /* Build configuration list for PBXNativeTarget "chemisTRY_v3" */ = {
			isa = XCConfigurationList;
			buildConfigurations = (
				0A7CA4121CB3EA4500726CBB /* Debug */,
				0A7CA4131CB3EA4500726CBB /* Release */,
			);
			defaultConfigurationIsVisible = 0;
		};
/* End XCConfigurationList section */

/* Begin XCVersionGroup section */
		0A7CA4061CB3EA4500726CBB /* chemisTRY_v3.xcdatamodeld */ = {
			isa = XCVersionGroup;
			children = (
				0A7CA4071CB3EA4500726CBB /* chemisTRY_v3.xcdatamodel */,
			);
			currentVersion = 0A7CA4071CB3EA4500726CBB /* chemisTRY_v3.xcdatamodel */;
			path = chemisTRY_v3.xcdatamodeld;
			sourceTree = "<group>";
			versionGroupType = wrapper.xcdatamodel;
		};
/* End XCVersionGroup section */
	};
	rootObject = 0A7CA3F41CB3EA4500726CBB /* Project object */;
}
